
Microsoft Visual Studio Solution File, Format Version 12.00
# Visual Studio 15
VisualStudioVersion = 15.0.27703.2018
MinimumVisualStudioVersion = 10.0.40219.1
Project("{9A19103F-16F7-4668-BE54-9A1E7A4F7556}") = "contactApp", "contactApp\contactApp.csproj", "{5292012F-A75A-40E4-9B84-55F4CB6471C1}"
EndProject
Project("{FAE04EC0-301F-11D3-BF4B-00C04F79EFBC}") = "contactApp.Tests", "contactApp.Tests\contactApp.Tests.csproj", "{D5711984-E115-49AD-B773-F43EADB0A81C}"
EndProject
Global
	GlobalSection(SolutionConfigurationPlatforms) = preSolution
		Debug|Any CPU = Debug|Any CPU
		Release|Any CPU = Release|Any CPU
	EndGlobalSection
	GlobalSection(ProjectConfigurationPlatforms) = postSolution
		{5292012F-A75A-40E4-9B84-55F4CB6471C1}.Debug|Any CPU.ActiveCfg = Debug|Any CPU
		{5292012F-A75A-40E4-9B84-55F4CB6471C1}.Debug|Any CPU.Build.0 = Debug|Any CPU
		{5292012F-A75A-40E4-9B84-55F4CB6471C1}.Release|Any CPU.ActiveCfg = Release|Any CPU
		{5292012F-A75A-40E4-9B84-55F4CB6471C1}.Release|Any CPU.Build.0 = Release|Any CPU
		{D5711984-E115-49AD-B773-F43EADB0A81C}.Debug|Any CPU.ActiveCfg = Debug|Any CPU
		{D5711984-E115-49AD-B773-F43EADB0A81C}.Debug|Any CPU.Build.0 = Debug|Any CPU
		{D5711984-E115-49AD-B773-F43EADB0A81C}.Release|Any CPU.ActiveCfg = Release|Any CPU
		{D5711984-E115-49AD-B773-F43EADB0A81C}.Release|Any CPU.Build.0 = Release|Any CPU
	EndGlobalSection
	GlobalSection(SolutionProperties) = preSolution
		HideSolutionNode = FALSE
	EndGlobalSection
	GlobalSection(ExtensibilityGlobals) = postSolution
		SolutionGuid = {D13D84D3-FF24-41CA-8CB7-969E1F765E1F}
	EndGlobalSection
EndGlobal
